
Microsoft Visual Studio Solution File, Format Version 12.00
# Visual Studio 15
VisualStudioVersion = 15.0.26730.12
MinimumVisualStudioVersion = 10.0.40219.1
Project("{FAE04EC0-301F-11D3-BF4B-00C04F79EFBC}") = "CpuRamMeter", "CpuRamMeter\CpuRamMeter.csproj", "{3DDE2E9A-F9F4-4CA2-A5C4-DF4277C5997C}"
EndProject
Global
	GlobalSection(SolutionConfigurationPlatforms) = preSolution
		Debug|Any CPU = Debug|Any CPU
		Release|Any CPU = Release|Any CPU
	EndGlobalSection
	GlobalSection(ProjectConfigurationPlatforms) = postSolution
		{3DDE2E9A-F9F4-4CA2-A5C4-DF4277C5997C}.Debug|Any CPU.ActiveCfg = Debug|Any CPU
		{3DDE2E9A-F9F4-4CA2-A5C4-DF4277C5997C}.Debug|Any CPU.Build.0 = Debug|Any CPU
		{3DDE2E9A-F9F4-4CA2-A5C4-DF4277C5997C}.Release|Any CPU.ActiveCfg = Release|Any CPU
		{3DDE2E9A-F9F4-4CA2-A5C4-DF4277C5997C}.Release|Any CPU.Build.0 = Release|Any CPU
	EndGlobalSection
	GlobalSection(SolutionProperties) = preSolution
		HideSolutionNode = FALSE
	EndGlobalSection
	GlobalSection(ExtensibilityGlobals) = postSolution
		SolutionGuid = {4CFD3B32-4998-4569-A30D-A3B534E12AF5}
	EndGlobalSection
EndGlobal
